
Microsoft Visual Studio Solution File, Format Version 12.00
# Visual Studio Version 17
VisualStudioVersion = 17.0.31903.59
MinimumVisualStudioVersion = 10.0.40219.1
Project("{2150E333-8FDC-42A3-9474-1A3956D46DE8}") = "src", "src", "{E1989E05-678C-45EC-AD17-4573E4813FA5}"
EndProject
Project("{FAE04EC0-301F-11D3-BF4B-00C04F79EFBC}") = "Tcma.LanguageComparison.Core", "src\Tcma.LanguageComparison.Core\Tcma.LanguageComparison.Core.csproj", "{626E377C-883A-4A5B-ACD7-8AC7DF3AD159}"
EndProject
Global
	GlobalSection(SolutionConfigurationPlatforms) = preSolution
		Debug|Any CPU = Debug|Any CPU
		Release|Any CPU = Release|Any CPU
	EndGlobalSection
	GlobalSection(SolutionProperties) = preSolution
		HideSolutionNode = FALSE
	EndGlobalSection
	GlobalSection(ProjectConfigurationPlatforms) = postSolution
		{626E377C-883A-4A5B-ACD7-8AC7DF3AD159}.Debug|Any CPU.ActiveCfg = Debug|Any CPU
		{626E377C-883A-4A5B-ACD7-8AC7DF3AD159}.Debug|Any CPU.Build.0 = Debug|Any CPU
		{626E377C-883A-4A5B-ACD7-8AC7DF3AD159}.Release|Any CPU.ActiveCfg = Release|Any CPU
		{626E377C-883A-4A5B-ACD7-8AC7DF3AD159}.Release|Any CPU.Build.0 = Release|Any CPU
	EndGlobalSection
	GlobalSection(NestedProjects) = preSolution
		{626E377C-883A-4A5B-ACD7-8AC7DF3AD159} = {E1989E05-678C-45EC-AD17-4573E4813FA5}
	EndGlobalSection
EndGlobal
